
Microsoft Visual Studio Solution File, Format Version 12.00
# Visual Studio 15
Project("{FAE04EC0-301F-11D3-BF4B-00C04F79EFBC}") = "Assembly-CSharp", "Assembly-CSharp.csproj", "{75CB4D8C-5C52-40AA-61FD-524FB62999A3}"
EndProject
Project("{FAE04EC0-301F-11D3-BF4B-00C04F79EFBC}") = "Assembly-CSharp-Editor", "Assembly-CSharp-Editor.csproj", "{0AB18A87-8CE0-BE95-3DB5-73155E534529}"
EndProject
Global
	GlobalSection(SolutionConfigurationPlatforms) = preSolution
		Debug|Any CPU = Debug|Any CPU
		Release|Any CPU = Release|Any CPU
	EndGlobalSection
	GlobalSection(ProjectConfigurationPlatforms) = postSolution
		{75CB4D8C-5C52-40AA-61FD-524FB62999A3}.Debug|Any CPU.ActiveCfg = Debug|Any CPU
		{75CB4D8C-5C52-40AA-61FD-524FB62999A3}.Debug|Any CPU.Build.0 = Debug|Any CPU
		{75CB4D8C-5C52-40AA-61FD-524FB62999A3}.Release|Any CPU.ActiveCfg = Release|Any CPU
		{75CB4D8C-5C52-40AA-61FD-524FB62999A3}.Release|Any CPU.Build.0 = Release|Any CPU
		{0AB18A87-8CE0-BE95-3DB5-73155E534529}.Debug|Any CPU.ActiveCfg = Debug|Any CPU
		{0AB18A87-8CE0-BE95-3DB5-73155E534529}.Debug|Any CPU.Build.0 = Debug|Any CPU
		{0AB18A87-8CE0-BE95-3DB5-73155E534529}.Release|Any CPU.ActiveCfg = Release|Any CPU
		{0AB18A87-8CE0-BE95-3DB5-73155E534529}.Release|Any CPU.Build.0 = Release|Any CPU
	EndGlobalSection
	GlobalSection(SolutionProperties) = preSolution
		HideSolutionNode = FALSE
	EndGlobalSection
EndGlobal
